
Microsoft Visual Studio Solution File, Format Version 12.00
# Visual Studio Version 17
VisualStudioVersion = 17.14.36109.1 d17.14
MinimumVisualStudioVersion = 10.0.40219.1
Project("{FAE04EC0-301F-11D3-BF4B-00C04F79EFBC}") = "Tawfiq", "Tawfiq.csproj", "{9A47DDAE-C9A6-4678-81BC-0207FDCA890F}"
EndProject
Global
	GlobalSection(SolutionConfigurationPlatforms) = preSolution
		Debug|Any CPU = Debug|Any CPU
		Release|Any CPU = Release|Any CPU
	EndGlobalSection
	GlobalSection(ProjectConfigurationPlatforms) = postSolution
		{9A47DDAE-C9A6-4678-81BC-0207FDCA890F}.Debug|Any CPU.ActiveCfg = Debug|Any CPU
		{9A47DDAE-C9A6-4678-81BC-0207FDCA890F}.Debug|Any CPU.Build.0 = Debug|Any CPU
		{9A47DDAE-C9A6-4678-81BC-0207FDCA890F}.Release|Any CPU.ActiveCfg = Release|Any CPU
		{9A47DDAE-C9A6-4678-81BC-0207FDCA890F}.Release|Any CPU.Build.0 = Release|Any CPU
	EndGlobalSection
	GlobalSection(SolutionProperties) = preSolution
		HideSolutionNode = FALSE
	EndGlobalSection
	GlobalSection(ExtensibilityGlobals) = postSolution
		SolutionGuid = {82656542-1A6D-4917-8AEE-F4421135A33A}
	EndGlobalSection
EndGlobal
